# THIS IS AN AUTOGENERATED FILE. DO NOT EDIT THIS FILE DIRECTLY.
# yarn lockfile v1


alphanum-sort@^1.0.0:
  version "1.0.2"
  resolved "https://registry.yarnpkg.com/alphanum-sort/-/alphanum-sort-1.0.2.tgz#97a1119649b211ad33691d9f9f486a8ec9fbe0a3"

ansi-styles@^3.2.1:
  version "3.2.1"
  resolved "https://registry.yarnpkg.com/ansi-styles/-/ansi-styles-3.2.1.tgz#41fbb20243e50b12be0f04b8dedbf07520ce841d"
  dependencies:
    color-convert "^1.9.0"

argparse@^1.0.7:
  version "1.0.10"
  resolved "https://registry.yarnpkg.com/argparse/-/argparse-1.0.10.tgz#bcd6791ea5ae09725e17e5ad988134cd40b3d911"
  dependencies:
    sprintf-js "~1.0.2"

balanced-match@^1.0.0:
  version "1.0.0"
  resolved "https://registry.yarnpkg.com/balanced-match/-/balanced-match-1.0.0.tgz#89b4d199ab2bee49de164ea02b89ce462d71b767"

boolbase@^1.0.0, boolbase@~1.0.0:
  version "1.0.0"
  resolved "https://registry.yarnpkg.com/boolbase/-/boolbase-1.0.0.tgz#68dff5fbe60c51eb37725ea9e3ed310dcc1e776e"

brace-expansion@^1.1.7:
  version "1.1.11"
  resolved "https://registry.yarnpkg.com/brace-expansion/-/brace-expansion-1.1.11.tgz#3c7fcbf529d87226f3d2f52b966ff5271eb441dd"
  dependencies:
    balanced-match "^1.0.0"
    concat-map "0.0.1"

browserslist@^4.0.0:
  version "4.1.1"
  resolved "https://registry.yarnpkg.com/browserslist/-/browserslist-4.1.1.tgz#328eb4ff1215b12df6589e9ab82f8adaa4fc8cd6"
  dependencies:
    caniuse-lite "^1.0.30000884"
    electron-to-chromium "^1.3.62"
    node-releases "^1.0.0-alpha.11"

caniuse-api@^3.0.0:
  version "3.0.0"
  resolved "https://registry.yarnpkg.com/caniuse-api/-/caniuse-api-3.0.0.tgz#5e4d90e2274961d46291997df599e3ed008ee4c0"
  dependencies:
    browserslist "^4.0.0"
    caniuse-lite "^1.0.0"
    lodash.memoize "^4.1.2"
    lodash.uniq "^4.5.0"

caniuse-lite@^1.0.0, caniuse-lite@^1.0.30000884:
  version "1.0.30000887"
  resolved "https://registry.yarnpkg.com/caniuse-lite/-/caniuse-lite-1.0.30000887.tgz#1769458c27bbdcf61b0cb6b5072bb6cd11fd9c23"

chalk@^2.4.1:
  version "2.4.1"
  resolved "https://registry.yarnpkg.com/chalk/-/chalk-2.4.1.tgz#18c49ab16a037b6eb0152cc83e3471338215b66e"
  dependencies:
    ansi-styles "^3.2.1"
    escape-string-regexp "^1.0.5"
    supports-color "^5.3.0"

coa@~2.0.1:
  version "2.0.1"
  resolved "https://registry.yarnpkg.com/coa/-/coa-2.0.1.tgz#f3f8b0b15073e35d70263fb1042cb2c023db38af"
  dependencies:
    q "^1.1.2"

codemirror-graphql@^0.7.1:
  version "0.7.1"
  resolved "https://registry.yarnpkg.com/codemirror-graphql/-/codemirror-graphql-0.7.1.tgz#64b995643d511b9aa8f85eeeb2feac7aeb4b94d4"
  dependencies:
    graphql-language-service-interface "^1.3.2"
    graphql-language-service-parser "^1.2.2"

codemirror@^5.26.0:
  version "5.40.2"
  resolved "https://registry.yarnpkg.com/codemirror/-/codemirror-5.40.2.tgz#f4a41fee2d84e679543591b3680af259d903330b"

color-convert@^1.9.0, color-convert@^1.9.1:
  version "1.9.3"
  resolved "https://registry.yarnpkg.com/color-convert/-/color-convert-1.9.3.tgz#bb71850690e1f136567de629d2d5471deda4c1e8"
  dependencies:
    color-name "1.1.3"

color-name@1.1.3:
  version "1.1.3"
  resolved "https://registry.yarnpkg.com/color-name/-/color-name-1.1.3.tgz#a7d0558bd89c42f795dd42328f740831ca53bc25"

color-name@^1.0.0:
  version "1.1.4"
  resolved "https://registry.yarnpkg.com/color-name/-/color-name-1.1.4.tgz#c2a09a87acbde69543de6f63fa3995c826c536a2"

color-string@^1.5.2:
  version "1.5.3"
  resolved "https://registry.yarnpkg.com/color-string/-/color-string-1.5.3.tgz#c9bbc5f01b58b5492f3d6857459cb6590ce204cc"
  dependencies:
    color-name "^1.0.0"
    simple-swizzle "^0.2.2"

color@^3.0.0:
  version "3.0.0"
  resolved "https://registry.yarnpkg.com/color/-/color-3.0.0.tgz#d920b4328d534a3ac8295d68f7bd4ba6c427be9a"
  dependencies:
    color-convert "^1.9.1"
    color-string "^1.5.2"

colors@~1.1.2:
  version "1.1.2"
  resolved "https://registry.yarnpkg.com/colors/-/colors-1.1.2.tgz#168a4701756b6a7f51a12ce0c97bfa28c084ed63"

concat-map@0.0.1:
  version "0.0.1"
  resolved "https://registry.yarnpkg.com/concat-map/-/concat-map-0.0.1.tgz#d8a96bd77fd68df7793a73036a3ba0d5405d477b"

cosmiconfig@^5.0.0:
  version "5.0.6"
  resolved "https://registry.yarnpkg.com/cosmiconfig/-/cosmiconfig-5.0.6.tgz#dca6cf680a0bd03589aff684700858c81abeeb39"
  dependencies:
    is-directory "^0.3.1"
    js-yaml "^3.9.0"
    parse-json "^4.0.0"

cross-fetch@2.2.2:
  version "2.2.2"
  resolved "https://registry.yarnpkg.com/cross-fetch/-/cross-fetch-2.2.2.tgz#a47ff4f7fc712daba8f6a695a11c948440d45723"
  dependencies:
    node-fetch "2.1.2"
    whatwg-fetch "2.0.4"

css-color-names@0.0.4, css-color-names@^0.0.4:
  version "0.0.4"
  resolved "https://registry.yarnpkg.com/css-color-names/-/css-color-names-0.0.4.tgz#808adc2e79cf84738069b646cb20ec27beb629e0"

css-declaration-sorter@^3.0.0:
  version "3.0.1"
  resolved "https://registry.yarnpkg.com/css-declaration-sorter/-/css-declaration-sorter-3.0.1.tgz#d0e3056b0fd88dc1ea9dceff435adbe9c702a7f8"
  dependencies:
    postcss "^6.0.0"
    timsort "^0.3.0"

css-select-base-adapter@~0.1.0:
  version "0.1.0"
  resolved "https://registry.yarnpkg.com/css-select-base-adapter/-/css-select-base-adapter-0.1.0.tgz#0102b3d14630df86c3eb9fa9f5456270106cf990"

css-select@^2.0.0:
  version "2.0.0"
  resolved "https://registry.yarnpkg.com/css-select/-/css-select-2.0.0.tgz#7aa2921392114831f68db175c0b6a555df74bbd5"
  dependencies:
    boolbase "^1.0.0"
    css-what "2.1"
    domutils "^1.7.0"
    nth-check "^1.0.1"

css-tree@1.0.0-alpha.28:
  version "1.0.0-alpha.28"
  resolved "https://registry.yarnpkg.com/css-tree/-/css-tree-1.0.0-alpha.28.tgz#8e8968190d886c9477bc8d61e96f61af3f7ffa7f"
  dependencies:
    mdn-data "~1.1.0"
    source-map "^0.5.3"

css-tree@1.0.0-alpha.29:
  version "1.0.0-alpha.29"
  resolved "https://registry.yarnpkg.com/css-tree/-/css-tree-1.0.0-alpha.29.tgz#3fa9d4ef3142cbd1c301e7664c1f352bd82f5a39"
  dependencies:
    mdn-data "~1.1.0"
    source-map "^0.5.3"

css-unit-converter@^1.1.1:
  version "1.1.1"
  resolved "https://registry.yarnpkg.com/css-unit-converter/-/css-unit-converter-1.1.1.tgz#d9b9281adcfd8ced935bdbaba83786897f64e996"

css-url-regex@^1.1.0:
  version "1.1.0"
  resolved "https://registry.yarnpkg.com/css-url-regex/-/css-url-regex-1.1.0.tgz#83834230cc9f74c457de59eebd1543feeb83b7ec"

css-what@2.1:
  version "2.1.0"
  resolved "https://registry.yarnpkg.com/css-what/-/css-what-2.1.0.tgz#9467d032c38cfaefb9f2d79501253062f87fa1bd"

cssnano-preset-default@^4.0.1:
  version "4.0.1"
  resolved "https://registry.yarnpkg.com/cssnano-preset-default/-/cssnano-preset-default-4.0.1.tgz#063c874bc82afe49d4a8790688348dce3f59e672"
  dependencies:
    css-declaration-sorter "^3.0.0"
    cssnano-util-raw-cache "^4.0.0"
    postcss "^7.0.0"
    postcss-calc "^6.0.0"
    postcss-colormin "^4.0.0"
    postcss-convert-values "^4.0.0"
    postcss-discard-comments "^4.0.0"
    postcss-discard-duplicates "^4.0.0"
    postcss-discard-empty "^4.0.0"
    postcss-discard-overridden "^4.0.0"
    postcss-merge-longhand "^4.0.0"
    postcss-merge-rules "^4.0.0"
    postcss-minify-font-values "^4.0.0"
    postcss-minify-gradients "^4.0.0"
    postcss-minify-params "^4.0.0"
    postcss-minify-selectors "^4.0.0"
    postcss-normalize-charset "^4.0.0"
    postcss-normalize-display-values "^4.0.0"
    postcss-normalize-positions "^4.0.0"
    postcss-normalize-repeat-style "^4.0.0"
    postcss-normalize-string "^4.0.0"
    postcss-normalize-timing-functions "^4.0.0"
    postcss-normalize-unicode "^4.0.0"
    postcss-normalize-url "^4.0.0"
    postcss-normalize-whitespace "^4.0.0"
    postcss-ordered-values "^4.0.0"
    postcss-reduce-initial "^4.0.0"
    postcss-reduce-transforms "^4.0.0"
    postcss-svgo "^4.0.0"
    postcss-unique-selectors "^4.0.0"

cssnano-util-get-arguments@^4.0.0:
  version "4.0.0"
  resolved "https://registry.yarnpkg.com/cssnano-util-get-arguments/-/cssnano-util-get-arguments-4.0.0.tgz#ed3a08299f21d75741b20f3b81f194ed49cc150f"

cssnano-util-get-match@^4.0.0:
  version "4.0.0"
  resolved "https://registry.yarnpkg.com/cssnano-util-get-match/-/cssnano-util-get-match-4.0.0.tgz#c0e4ca07f5386bb17ec5e52250b4f5961365156d"

cssnano-util-raw-cache@^4.0.0:
  version "4.0.1"
  resolved "https://registry.yarnpkg.com/cssnano-util-raw-cache/-/cssnano-util-raw-cache-4.0.1.tgz#b26d5fd5f72a11dfe7a7846fb4c67260f96bf282"
  dependencies:
    postcss "^7.0.0"

cssnano-util-same-parent@^4.0.0:
  version "4.0.1"
  resolved "https://registry.yarnpkg.com/cssnano-util-same-parent/-/cssnano-util-same-parent-4.0.1.tgz#574082fb2859d2db433855835d9a8456ea18bbf3"

cssnano@^4.1.1:
  version "4.1.1"
  resolved "https://registry.yarnpkg.com/cssnano/-/cssnano-4.1.1.tgz#46e97285ca709b8f7e1ceafb352699d0ac15102a"
  dependencies:
    cosmiconfig "^5.0.0"
    cssnano-preset-default "^4.0.1"
    is-resolvable "^1.0.0"
    postcss "^7.0.0"

csso@^3.5.0:
  version "3.5.1"
  resolved "https://registry.yarnpkg.com/csso/-/csso-3.5.1.tgz#7b9eb8be61628973c1b261e169d2f024008e758b"
  dependencies:
    css-tree "1.0.0-alpha.29"

define-properties@^1.1.2:
  version "1.1.3"
  resolved "https://registry.yarnpkg.com/define-properties/-/define-properties-1.1.3.tgz#cf88da6cbee26fe6db7094f61d870cbd84cee9f1"
  dependencies:
    object-keys "^1.0.12"

dom-serializer@0:
  version "0.1.0"
  resolved "https://registry.yarnpkg.com/dom-serializer/-/dom-serializer-0.1.0.tgz#073c697546ce0780ce23be4a28e293e40bc30c82"
  dependencies:
    domelementtype "~1.1.1"
    entities "~1.1.1"

domelementtype@1:
  version "1.3.0"
  resolved "https://registry.yarnpkg.com/domelementtype/-/domelementtype-1.3.0.tgz#b17aed82e8ab59e52dd9c19b1756e0fc187204c2"

domelementtype@~1.1.1:
  version "1.1.3"
  resolved "https://registry.yarnpkg.com/domelementtype/-/domelementtype-1.1.3.tgz#bd28773e2642881aec51544924299c5cd822185b"

domutils@^1.7.0:
  version "1.7.0"
  resolved "https://registry.yarnpkg.com/domutils/-/domutils-1.7.0.tgz#56ea341e834e06e6748af7a1cb25da67ea9f8c2a"
  dependencies:
    dom-serializer "0"
    domelementtype "1"

dot-prop@^4.1.1:
  version "4.2.0"
  resolved "https://registry.yarnpkg.com/dot-prop/-/dot-prop-4.2.0.tgz#1f19e0c2e1aa0e32797c49799f2837ac6af69c57"
  dependencies:
    is-obj "^1.0.0"

electron-to-chromium@^1.3.62:
  version "1.3.70"
  resolved "https://registry.yarnpkg.com/electron-to-chromium/-/electron-to-chromium-1.3.70.tgz#ded377256d92d81b4257d36c65aa890274afcfd2"

encoding@^0.1.11:
  version "0.1.12"
  resolved "https://registry.yarnpkg.com/encoding/-/encoding-0.1.12.tgz#538b66f3ee62cd1ab51ec323829d1f9480c74beb"
  dependencies:
    iconv-lite "~0.4.13"

entities@~1.1.1:
  version "1.1.1"
  resolved "https://registry.yarnpkg.com/entities/-/entities-1.1.1.tgz#6e5c2d0a5621b5dadaecef80b90edfb5cd7772f0"

error-ex@^1.3.1:
  version "1.3.2"
  resolved "https://registry.yarnpkg.com/error-ex/-/error-ex-1.3.2.tgz#b4ac40648107fdcdcfae242f428bea8a14d4f1bf"
  dependencies:
    is-arrayish "^0.2.1"

es-abstract@^1.5.1, es-abstract@^1.6.1:
  version "1.12.0"
  resolved "https://registry.yarnpkg.com/es-abstract/-/es-abstract-1.12.0.tgz#9dbbdd27c6856f0001421ca18782d786bf8a6165"
  dependencies:
    es-to-primitive "^1.1.1"
    function-bind "^1.1.1"
    has "^1.0.1"
    is-callable "^1.1.3"
    is-regex "^1.0.4"

es-to-primitive@^1.1.1:
  version "1.1.1"
  resolved "https://registry.yarnpkg.com/es-to-primitive/-/es-to-primitive-1.1.1.tgz#45355248a88979034b6792e19bb81f2b7975dd0d"
  dependencies:
    is-callable "^1.1.1"
    is-date-object "^1.0.1"
    is-symbol "^1.0.1"

escape-string-regexp@^1.0.5:
  version "1.0.5"
  resolved "https://registry.yarnpkg.com/escape-string-regexp/-/escape-string-regexp-1.0.5.tgz#1b61c0562190a8dff6ae3bb2cf0200ca130b86d4"

esprima@^4.0.0:
  version "4.0.1"
  resolved "https://registry.yarnpkg.com/esprima/-/esprima-4.0.1.tgz#13b04cdb3e6c5d19df91ab6987a8695619b0aa71"

flatten@^1.0.2:
  version "1.0.2"
  resolved "https://registry.yarnpkg.com/flatten/-/flatten-1.0.2.tgz#dae46a9d78fbe25292258cc1e780a41d95c03782"

function-bind@^1.1.0, function-bind@^1.1.1:
  version "1.1.1"
  resolved "https://registry.yarnpkg.com/function-bind/-/function-bind-1.1.1.tgz#a56899d3ea3c9bab874bb9773b7c5ede92f4895d"

graphiql@^0.12.0:
  version "0.12.0"
  resolved "https://registry.yarnpkg.com/graphiql/-/graphiql-0.12.0.tgz#a035c93a6e3c18850c2f450c039747b2ea3eb953"
  dependencies:
    codemirror "^5.26.0"
    codemirror-graphql "^0.7.1"
    markdown-it "^8.4.0"

graphql-config@2.0.1:
  version "2.0.1"
  resolved "http://registry.npmjs.org/graphql-config/-/graphql-config-2.0.1.tgz#d34a9bdf1d7360af7b01db9b20260a342ddc7390"
  dependencies:
    graphql-import "^0.4.4"
    graphql-request "^1.5.0"
    js-yaml "^3.10.0"
    lodash "^4.17.4"
    minimatch "^3.0.4"

graphql-import@^0.4.4:
  version "0.4.5"
  resolved "http://registry.npmjs.org/graphql-import/-/graphql-import-0.4.5.tgz#e2f18c28d335733f46df8e0733d8deb1c6e2a645"
  dependencies:
    lodash "^4.17.4"

graphql-language-service-interface@^1.3.2:
  version "1.3.2"
  resolved "https://registry.yarnpkg.com/graphql-language-service-interface/-/graphql-language-service-interface-1.3.2.tgz#4bd5d49e23766c3d2ab65d110f26f10e321cc000"
  dependencies:
    graphql-config "2.0.1"
    graphql-language-service-parser "^1.2.2"
    graphql-language-service-types "^1.2.2"
    graphql-language-service-utils "^1.2.2"

graphql-language-service-parser@^1.2.2:
  version "1.2.2"
  resolved "https://registry.yarnpkg.com/graphql-language-service-parser/-/graphql-language-service-parser-1.2.2.tgz#010c8a5fdfae4726c8e15714137eee822753d3ea"
  dependencies:
    graphql-config "2.0.1"
    graphql-language-service-types "^1.2.2"

graphql-language-service-types@^1.2.2:
  version "1.2.2"
  resolved "https://registry.yarnpkg.com/graphql-language-service-types/-/graphql-language-service-types-1.2.2.tgz#078e0abc7936a593968c946a039502af136a9743"
  dependencies:
    graphql-config "2.0.1"

graphql-language-service-utils@^1.2.2:
  version "1.2.2"
  resolved "https://registry.yarnpkg.com/graphql-language-service-utils/-/graphql-language-service-utils-1.2.2.tgz#d31d4b4288085bd31d1bb8efc35790d69e496cae"
  dependencies:
    graphql-config "2.0.1"
    graphql-language-service-types "^1.2.2"

graphql-request@^1.5.0:
  version "1.8.2"
  resolved "https://registry.yarnpkg.com/graphql-request/-/graphql-request-1.8.2.tgz#398d10ae15c585676741bde3fc01d5ca948f8fbe"
  dependencies:
    cross-fetch "2.2.2"

graphql@^14.0.2:
  version "14.0.2"
  resolved "https://registry.yarnpkg.com/graphql/-/graphql-14.0.2.tgz#7dded337a4c3fd2d075692323384034b357f5650"
  dependencies:
    iterall "^1.2.2"

has-flag@^3.0.0:
  version "3.0.0"
  resolved "https://registry.yarnpkg.com/has-flag/-/has-flag-3.0.0.tgz#b5d454dc2199ae225699f3467e5a07f3b955bafd"

has-symbols@^1.0.0:
  version "1.0.0"
  resolved "https://registry.yarnpkg.com/has-symbols/-/has-symbols-1.0.0.tgz#ba1a8f1af2a0fc39650f5c850367704122063b44"

has@^1.0.0, has@^1.0.1:
  version "1.0.3"
  resolved "https://registry.yarnpkg.com/has/-/has-1.0.3.tgz#722d7cbfc1f6aa8241f16dd814e011e1f41e8796"
  dependencies:
    function-bind "^1.1.1"

hex-color-regex@^1.1.0:
  version "1.1.0"
  resolved "https://registry.yarnpkg.com/hex-color-regex/-/hex-color-regex-1.1.0.tgz#4c06fccb4602fe2602b3c93df82d7e7dbf1a8a8e"

hsl-regex@^1.0.0:
  version "1.0.0"
  resolved "https://registry.yarnpkg.com/hsl-regex/-/hsl-regex-1.0.0.tgz#d49330c789ed819e276a4c0d272dffa30b18fe6e"

hsla-regex@^1.0.0:
  version "1.0.0"
  resolved "https://registry.yarnpkg.com/hsla-regex/-/hsla-regex-1.0.0.tgz#c1ce7a3168c8c6614033a4b5f7877f3b225f9c38"

html-comment-regex@^1.1.0:
  version "1.1.1"
  resolved "https://registry.yarnpkg.com/html-comment-regex/-/html-comment-regex-1.1.1.tgz#668b93776eaae55ebde8f3ad464b307a4963625e"

iconv-lite@~0.4.13:
  version "0.4.24"
  resolved "https://registry.yarnpkg.com/iconv-lite/-/iconv-lite-0.4.24.tgz#2022b4b25fbddc21d2f524974a474aafe733908b"
  dependencies:
    safer-buffer ">= 2.1.2 < 3"

indexes-of@^1.0.1:
  version "1.0.1"
  resolved "https://registry.yarnpkg.com/indexes-of/-/indexes-of-1.0.1.tgz#f30f716c8e2bd346c7b67d3df3915566a7c05607"

is-absolute-url@^2.0.0:
  version "2.1.0"
  resolved "https://registry.yarnpkg.com/is-absolute-url/-/is-absolute-url-2.1.0.tgz#50530dfb84fcc9aa7dbe7852e83a37b93b9f2aa6"

is-arrayish@^0.2.1:
  version "0.2.1"
  resolved "https://registry.yarnpkg.com/is-arrayish/-/is-arrayish-0.2.1.tgz#77c99840527aa8ecb1a8ba697b80645a7a926a9d"

is-arrayish@^0.3.1:
  version "0.3.2"
  resolved "https://registry.yarnpkg.com/is-arrayish/-/is-arrayish-0.3.2.tgz#4574a2ae56f7ab206896fb431eaeed066fdf8f03"

is-callable@^1.1.1, is-callable@^1.1.3:
  version "1.1.4"
  resolved "https://registry.yarnpkg.com/is-callable/-/is-callable-1.1.4.tgz#1e1adf219e1eeb684d691f9d6a05ff0d30a24d75"

is-color-stop@^1.0.0:
  version "1.1.0"
  resolved "https://registry.yarnpkg.com/is-color-stop/-/is-color-stop-1.1.0.tgz#cfff471aee4dd5c9e158598fbe12967b5cdad345"
  dependencies:
    css-color-names "^0.0.4"
    hex-color-regex "^1.1.0"
    hsl-regex "^1.0.0"
    hsla-regex "^1.0.0"
    rgb-regex "^1.0.1"
    rgba-regex "^1.0.0"

is-date-object@^1.0.1:
  version "1.0.1"
  resolved "https://registry.yarnpkg.com/is-date-object/-/is-date-object-1.0.1.tgz#9aa20eb6aeebbff77fbd33e74ca01b33581d3a16"

is-directory@^0.3.1:
  version "0.3.1"
  resolved "https://registry.yarnpkg.com/is-directory/-/is-directory-0.3.1.tgz#61339b6f2475fc772fd9c9d83f5c8575dc154ae1"

is-obj@^1.0.0:
  version "1.0.1"
  resolved "http://registry.npmjs.org/is-obj/-/is-obj-1.0.1.tgz#3e4729ac1f5fde025cd7d83a896dab9f4f67db0f"

is-regex@^1.0.4:
  version "1.0.4"
  resolved "https://registry.yarnpkg.com/is-regex/-/is-regex-1.0.4.tgz#5517489b547091b0930e095654ced25ee97e9491"
  dependencies:
    has "^1.0.1"

is-resolvable@^1.0.0:
  version "1.1.0"
  resolved "https://registry.yarnpkg.com/is-resolvable/-/is-resolvable-1.1.0.tgz#fb18f87ce1feb925169c9a407c19318a3206ed88"

is-stream@^1.0.1:
  version "1.1.0"
  resolved "https://registry.yarnpkg.com/is-stream/-/is-stream-1.1.0.tgz#12d4a3dd4e68e0b79ceb8dbc84173ae80d91ca44"

is-svg@^3.0.0:
  version "3.0.0"
  resolved "https://registry.yarnpkg.com/is-svg/-/is-svg-3.0.0.tgz#9321dbd29c212e5ca99c4fa9794c714bcafa2f75"
  dependencies:
    html-comment-regex "^1.1.0"

is-symbol@^1.0.1:
  version "1.0.2"
  resolved "https://registry.yarnpkg.com/is-symbol/-/is-symbol-1.0.2.tgz#a055f6ae57192caee329e7a860118b497a950f38"
  dependencies:
    has-symbols "^1.0.0"

isomorphic-fetch@^2.2.1:
  version "2.2.1"
  resolved "https://registry.yarnpkg.com/isomorphic-fetch/-/isomorphic-fetch-2.2.1.tgz#611ae1acf14f5e81f729507472819fe9733558a9"
  dependencies:
    node-fetch "^1.0.1"
    whatwg-fetch ">=0.10.0"

iterall@^1.2.2:
  version "1.2.2"
  resolved "https://registry.yarnpkg.com/iterall/-/iterall-1.2.2.tgz#92d70deb8028e0c39ff3164fdbf4d8b088130cd7"

"js-tokens@^3.0.0 || ^4.0.0":
  version "4.0.0"
  resolved "https://registry.yarnpkg.com/js-tokens/-/js-tokens-4.0.0.tgz#19203fb59991df98e3a287050d4647cdeaf32499"

js-yaml@^3.10.0, js-yaml@^3.12.0, js-yaml@^3.9.0:
  version "3.12.0"
  resolved "https://registry.yarnpkg.com/js-yaml/-/js-yaml-3.12.0.tgz#eaed656ec8344f10f527c6bfa1b6e2244de167d1"
  dependencies:
    argparse "^1.0.7"
    esprima "^4.0.0"

json-parse-better-errors@^1.0.1:
  version "1.0.2"
  resolved "https://registry.yarnpkg.com/json-parse-better-errors/-/json-parse-better-errors-1.0.2.tgz#bb867cfb3450e69107c131d1c514bab3dc8bcaa9"

linkify-it@^2.0.0:
  version "2.0.3"
  resolved "https://registry.yarnpkg.com/linkify-it/-/linkify-it-2.0.3.tgz#d94a4648f9b1c179d64fa97291268bdb6ce9434f"
  dependencies:
    uc.micro "^1.0.1"

lodash.memoize@^4.1.2:
  version "4.1.2"
  resolved "https://registry.yarnpkg.com/lodash.memoize/-/lodash.memoize-4.1.2.tgz#bcc6c49a42a2840ed997f323eada5ecd182e0bfe"

lodash.uniq@^4.5.0:
  version "4.5.0"
  resolved "https://registry.yarnpkg.com/lodash.uniq/-/lodash.uniq-4.5.0.tgz#d0225373aeb652adc1bc82e4945339a842754773"

lodash@^4.17.4:
  version "4.17.11"
  resolved "https://registry.yarnpkg.com/lodash/-/lodash-4.17.11.tgz#b39ea6229ef607ecd89e2c8df12536891cac9b8d"

loose-envify@^1.1.0, loose-envify@^1.3.1:
  version "1.4.0"
  resolved "https://registry.yarnpkg.com/loose-envify/-/loose-envify-1.4.0.tgz#71ee51fa7be4caec1a63839f7e682d8132d30caf"
  dependencies:
    js-tokens "^3.0.0 || ^4.0.0"

markdown-it@^8.4.0:
  version "8.4.2"
  resolved "https://registry.yarnpkg.com/markdown-it/-/markdown-it-8.4.2.tgz#386f98998dc15a37722aa7722084f4020bdd9b54"
  dependencies:
    argparse "^1.0.7"
    entities "~1.1.1"
    linkify-it "^2.0.0"
    mdurl "^1.0.1"
    uc.micro "^1.0.5"

mdn-data@~1.1.0:
  version "1.1.4"
  resolved "https://registry.yarnpkg.com/mdn-data/-/mdn-data-1.1.4.tgz#50b5d4ffc4575276573c4eedb8780812a8419f01"

mdurl@^1.0.1:
  version "1.0.1"
  resolved "https://registry.yarnpkg.com/mdurl/-/mdurl-1.0.1.tgz#fe85b2ec75a59037f2adfec100fd6c601761152e"

minimatch@^3.0.4:
  version "3.0.4"
  resolved "https://registry.yarnpkg.com/minimatch/-/minimatch-3.0.4.tgz#5166e286457f03306064be5497e8dbb0c3d32083"
  dependencies:
    brace-expansion "^1.1.7"

minimist@0.0.8:
  version "0.0.8"
  resolved "http://registry.npmjs.org/minimist/-/minimist-0.0.8.tgz#857fcabfc3397d2625b8228262e86aa7a011b05d"

mkdirp@~0.5.1:
  version "0.5.1"
  resolved "http://registry.npmjs.org/mkdirp/-/mkdirp-0.5.1.tgz#30057438eac6cf7f8c4767f38648d6697d75c903"
  dependencies:
    minimist "0.0.8"

node-fetch@2.1.2:
  version "2.1.2"
  resolved "http://registry.npmjs.org/node-fetch/-/node-fetch-2.1.2.tgz#ab884e8e7e57e38a944753cec706f788d1768bb5"

node-fetch@^1.0.1:
  version "1.7.3"
  resolved "https://registry.yarnpkg.com/node-fetch/-/node-fetch-1.7.3.tgz#980f6f72d85211a5347c6b2bc18c5b84c3eb47ef"
  dependencies:
    encoding "^0.1.11"
    is-stream "^1.0.1"

node-releases@^1.0.0-alpha.11:
  version "1.0.0-alpha.11"
  resolved "https://registry.yarnpkg.com/node-releases/-/node-releases-1.0.0-alpha.11.tgz#73c810acc2e5b741a17ddfbb39dfca9ab9359d8a"
  dependencies:
    semver "^5.3.0"

normalize-url@^3.0.0:
  version "3.3.0"
  resolved "https://registry.yarnpkg.com/normalize-url/-/normalize-url-3.3.0.tgz#b2e1c4dc4f7c6d57743df733a4f5978d18650559"

nth-check@^1.0.1:
  version "1.0.1"
  resolved "https://registry.yarnpkg.com/nth-check/-/nth-check-1.0.1.tgz#9929acdf628fc2c41098deab82ac580cf149aae4"
  dependencies:
    boolbase "~1.0.0"

object-assign@^4.1.1:
  version "4.1.1"
  resolved "https://registry.yarnpkg.com/object-assign/-/object-assign-4.1.1.tgz#2109adc7965887cfc05cbbd442cac8bfbb360863"

object-keys@^1.0.12:
  version "1.0.12"
  resolved "https://registry.yarnpkg.com/object-keys/-/object-keys-1.0.12.tgz#09c53855377575310cca62f55bb334abff7b3ed2"

object.getownpropertydescriptors@^2.0.3:
  version "2.0.3"
  resolved "https://registry.yarnpkg.com/object.getownpropertydescriptors/-/object.getownpropertydescriptors-2.0.3.tgz#8758c846f5b407adab0f236e0986f14b051caa16"
  dependencies:
    define-properties "^1.1.2"
    es-abstract "^1.5.1"

object.values@^1.0.4:
  version "1.0.4"
  resolved "https://registry.yarnpkg.com/object.values/-/object.values-1.0.4.tgz#e524da09b4f66ff05df457546ec72ac99f13069a"
  dependencies:
    define-properties "^1.1.2"
    es-abstract "^1.6.1"
    function-bind "^1.1.0"
    has "^1.0.1"

parse-json@^4.0.0:
  version "4.0.0"
  resolved "https://registry.yarnpkg.com/parse-json/-/parse-json-4.0.0.tgz#be35f5425be1f7f6c747184f98a788cb99477ee0"
  dependencies:
    error-ex "^1.3.1"
    json-parse-better-errors "^1.0.1"

postcss-calc@^6.0.0:
  version "6.0.1"
  resolved "https://registry.yarnpkg.com/postcss-calc/-/postcss-calc-6.0.1.tgz#3d24171bbf6e7629d422a436ebfe6dd9511f4330"
  dependencies:
    css-unit-converter "^1.1.1"
    postcss "^6.0.0"
    postcss-selector-parser "^2.2.2"
    reduce-css-calc "^2.0.0"

postcss-colormin@^4.0.0:
  version "4.0.2"
  resolved "https://registry.yarnpkg.com/postcss-colormin/-/postcss-colormin-4.0.2.tgz#93cd1fa11280008696887db1a528048b18e7ed99"
  dependencies:
    browserslist "^4.0.0"
    color "^3.0.0"
    has "^1.0.0"
    postcss "^7.0.0"
    postcss-value-parser "^3.0.0"

postcss-convert-values@^4.0.0:
  version "4.0.1"
  resolved "https://registry.yarnpkg.com/postcss-convert-values/-/postcss-convert-values-4.0.1.tgz#ca3813ed4da0f812f9d43703584e449ebe189a7f"
  dependencies:
    postcss "^7.0.0"
    postcss-value-parser "^3.0.0"

postcss-discard-comments@^4.0.0:
  version "4.0.1"
  resolved "https://registry.yarnpkg.com/postcss-discard-comments/-/postcss-discard-comments-4.0.1.tgz#30697735b0c476852a7a11050eb84387a67ef55d"
  dependencies:
    postcss "^7.0.0"

postcss-discard-duplicates@^4.0.0:
  version "4.0.1"
  resolved "https://registry.yarnpkg.com/postcss-discard-duplicates/-/postcss-discard-duplicates-4.0.1.tgz#3e46e504144b41a94fa22886cfefb4edaa3d84f0"
  dependencies:
    postcss "^6.0.0"

postcss-discard-empty@^4.0.0:
  version "4.0.1"
  resolved "https://registry.yarnpkg.com/postcss-discard-empty/-/postcss-discard-empty-4.0.1.tgz#c8c951e9f73ed9428019458444a02ad90bb9f765"
  dependencies:
    postcss "^7.0.0"

postcss-discard-overridden@^4.0.0:
  version "4.0.1"
  resolved "https://registry.yarnpkg.com/postcss-discard-overridden/-/postcss-discard-overridden-4.0.1.tgz#652aef8a96726f029f5e3e00146ee7a4e755ff57"
  dependencies:
    postcss "^7.0.0"

postcss-merge-longhand@^4.0.0:
  version "4.0.6"
  resolved "https://registry.yarnpkg.com/postcss-merge-longhand/-/postcss-merge-longhand-4.0.6.tgz#2b938fa3529c3d1657e53dc7ff0fd604dbc85ff1"
  dependencies:
    css-color-names "0.0.4"
    postcss "^7.0.0"
    postcss-value-parser "^3.0.0"
    stylehacks "^4.0.0"

postcss-merge-rules@^4.0.0:
  version "4.0.2"
  resolved "https://registry.yarnpkg.com/postcss-merge-rules/-/postcss-merge-rules-4.0.2.tgz#2be44401bf19856f27f32b8b12c0df5af1b88e74"
  dependencies:
    browserslist "^4.0.0"
    caniuse-api "^3.0.0"
    cssnano-util-same-parent "^4.0.0"
    postcss "^7.0.0"
    postcss-selector-parser "^3.0.0"
    vendors "^1.0.0"

postcss-minify-font-values@^4.0.0:
  version "4.0.1"
  resolved "https://registry.yarnpkg.com/postcss-minify-font-values/-/postcss-minify-font-values-4.0.1.tgz#201f1b8574618fc013010b82dbb8ce3a6917e2a5"
  dependencies:
    postcss "^6.0.0"
    postcss-value-parser "^3.0.0"

postcss-minify-gradients@^4.0.0:
  version "4.0.1"
  resolved "https://registry.yarnpkg.com/postcss-minify-gradients/-/postcss-minify-gradients-4.0.1.tgz#6da95c6e92a809f956bb76bf0c04494953e1a7dd"
  dependencies:
    cssnano-util-get-arguments "^4.0.0"
    is-color-stop "^1.0.0"
    postcss "^7.0.0"
    postcss-value-parser "^3.0.0"

postcss-minify-params@^4.0.0:
  version "4.0.1"
  resolved "https://registry.yarnpkg.com/postcss-minify-params/-/postcss-minify-params-4.0.1.tgz#5b2e2d0264dd645ef5d68f8fec0d4c38c1cf93d2"
  dependencies:
    alphanum-sort "^1.0.0"
    browserslist "^4.0.0"
    cssnano-util-get-arguments "^4.0.0"
    postcss "^7.0.0"
    postcss-value-parser "^3.0.0"
    uniqs "^2.0.0"

postcss-minify-selectors@^4.0.0:
  version "4.0.1"
  resolved "https://registry.yarnpkg.com/postcss-minify-selectors/-/postcss-minify-selectors-4.0.1.tgz#a891c197977cc37abf60b3ea06b84248b1c1e9cd"
  dependencies:
    alphanum-sort "^1.0.0"
    has "^1.0.0"
    postcss "^7.0.0"
    postcss-selector-parser "^3.0.0"

postcss-normalize-charset@^4.0.0:
  version "4.0.0"
  resolved "https://registry.yarnpkg.com/postcss-normalize-charset/-/postcss-normalize-charset-4.0.0.tgz#24527292702d5e8129eafa3d1de49ed51a6ab730"
  dependencies:
    postcss "^6.0.0"

postcss-normalize-display-values@^4.0.0:
  version "4.0.1"
  resolved "https://registry.yarnpkg.com/postcss-normalize-display-values/-/postcss-normalize-display-values-4.0.1.tgz#d9a83d47c716e8a980f22f632c8b0458cfb48a4c"
  dependencies:
    cssnano-util-get-match "^4.0.0"
    postcss "^7.0.0"
    postcss-value-parser "^3.0.0"

postcss-normalize-positions@^4.0.0:
  version "4.0.1"
  resolved "https://registry.yarnpkg.com/postcss-normalize-positions/-/postcss-normalize-positions-4.0.1.tgz#ee2d4b67818c961964c6be09d179894b94fd6ba1"
  dependencies:
    cssnano-util-get-arguments "^4.0.0"
    has "^1.0.0"
    postcss "^7.0.0"
    postcss-value-parser "^3.0.0"

postcss-normalize-repeat-style@^4.0.0:
  version "4.0.1"
  resolved "https://registry.yarnpkg.com/postcss-normalize-repeat-style/-/postcss-normalize-repeat-style-4.0.1.tgz#5293f234b94d7669a9f805495d35b82a581c50e5"
  dependencies:
    cssnano-util-get-arguments "^4.0.0"
    cssnano-util-get-match "^4.0.0"
    postcss "^7.0.0"
    postcss-value-parser "^3.0.0"

postcss-normalize-string@^4.0.0:
  version "4.0.1"
  resolved "https://registry.yarnpkg.com/postcss-normalize-string/-/postcss-normalize-string-4.0.1.tgz#23c5030c2cc24175f66c914fa5199e2e3c10fef3"
  dependencies:
    has "^1.0.0"
    postcss "^7.0.0"
    postcss-value-parser "^3.0.0"

postcss-normalize-timing-functions@^4.0.0:
  version "4.0.1"
  resolved "https://registry.yarnpkg.com/postcss-normalize-timing-functions/-/postcss-normalize-timing-functions-4.0.1.tgz#8be83e0b9cb3ff2d1abddee032a49108f05f95d7"
  dependencies:
    cssnano-util-get-match "^4.0.0"
    postcss "^7.0.0"
    postcss-value-parser "^3.0.0"

postcss-normalize-unicode@^4.0.0:
  version "4.0.1"
  resolved "https://registry.yarnpkg.com/postcss-normalize-unicode/-/postcss-normalize-unicode-4.0.1.tgz#841bd48fdcf3019ad4baa7493a3d363b52ae1cfb"
  dependencies:
    browserslist "^4.0.0"
    postcss "^7.0.0"
    postcss-value-parser "^3.0.0"

postcss-normalize-url@^4.0.0:
  version "4.0.1"
  resolved "https://registry.yarnpkg.com/postcss-normalize-url/-/postcss-normalize-url-4.0.1.tgz#10e437f86bc7c7e58f7b9652ed878daaa95faae1"
  dependencies:
    is-absolute-url "^2.0.0"
    normalize-url "^3.0.0"
    postcss "^7.0.0"
    postcss-value-parser "^3.0.0"

postcss-normalize-whitespace@^4.0.0:
  version "4.0.1"
  resolved "https://registry.yarnpkg.com/postcss-normalize-whitespace/-/postcss-normalize-whitespace-4.0.1.tgz#d14cb639b61238418ac8bc8d3b7bdd65fc86575e"
  dependencies:
    postcss "^7.0.0"
    postcss-value-parser "^3.0.0"

postcss-ordered-values@^4.0.0:
  version "4.1.1"
  resolved "https://registry.yarnpkg.com/postcss-ordered-values/-/postcss-ordered-values-4.1.1.tgz#2e3b432ef3e489b18333aeca1f1295eb89be9fc2"
  dependencies:
    cssnano-util-get-arguments "^4.0.0"
    postcss "^7.0.0"
    postcss-value-parser "^3.0.0"

postcss-reduce-initial@^4.0.0:
  version "4.0.2"
  resolved "https://registry.yarnpkg.com/postcss-reduce-initial/-/postcss-reduce-initial-4.0.2.tgz#bac8e325d67510ee01fa460676dc8ea9e3b40f15"
  dependencies:
    browserslist "^4.0.0"
    caniuse-api "^3.0.0"
    has "^1.0.0"
    postcss "^7.0.0"

postcss-reduce-transforms@^4.0.0:
  version "4.0.1"
  resolved "https://registry.yarnpkg.com/postcss-reduce-transforms/-/postcss-reduce-transforms-4.0.1.tgz#8600d5553bdd3ad640f43bff81eb52f8760d4561"
  dependencies:
    cssnano-util-get-match "^4.0.0"
    has "^1.0.0"
    postcss "^7.0.0"
    postcss-value-parser "^3.0.0"

postcss-selector-parser@^2.2.2:
  version "2.2.3"
  resolved "https://registry.yarnpkg.com/postcss-selector-parser/-/postcss-selector-parser-2.2.3.tgz#f9437788606c3c9acee16ffe8d8b16297f27bb90"
  dependencies:
    flatten "^1.0.2"
    indexes-of "^1.0.1"
    uniq "^1.0.1"

postcss-selector-parser@^3.0.0:
  version "3.1.1"
  resolved "https://registry.yarnpkg.com/postcss-selector-parser/-/postcss-selector-parser-3.1.1.tgz#4f875f4afb0c96573d5cf4d74011aee250a7e865"
  dependencies:
    dot-prop "^4.1.1"
    indexes-of "^1.0.1"
    uniq "^1.0.1"

postcss-svgo@^4.0.0:
  version "4.0.0"
  resolved "https://registry.yarnpkg.com/postcss-svgo/-/postcss-svgo-4.0.0.tgz#c0bbad02520fc636c9d78b0e8403e2e515c32285"
  dependencies:
    is-svg "^3.0.0"
    postcss "^6.0.0"
    postcss-value-parser "^3.0.0"
    svgo "^1.0.0"

postcss-unique-selectors@^4.0.0:
  version "4.0.1"
  resolved "https://registry.yarnpkg.com/postcss-unique-selectors/-/postcss-unique-selectors-4.0.1.tgz#9446911f3289bfd64c6d680f073c03b1f9ee4bac"
  dependencies:
    alphanum-sort "^1.0.0"
    postcss "^7.0.0"
    uniqs "^2.0.0"

postcss-value-parser@^3.0.0, postcss-value-parser@^3.3.0:
  version "3.3.0"
  resolved "https://registry.yarnpkg.com/postcss-value-parser/-/postcss-value-parser-3.3.0.tgz#87f38f9f18f774a4ab4c8a232f5c5ce8872a9d15"

postcss@^6.0.0:
  version "6.0.23"
  resolved "https://registry.yarnpkg.com/postcss/-/postcss-6.0.23.tgz#61c82cc328ac60e677645f979054eb98bc0e3324"
  dependencies:
    chalk "^2.4.1"
    source-map "^0.6.1"
    supports-color "^5.4.0"

postcss@^7.0.0:
  version "7.0.2"
  resolved "https://registry.yarnpkg.com/postcss/-/postcss-7.0.2.tgz#7b5a109de356804e27f95a960bef0e4d5bc9bb18"
  dependencies:
    chalk "^2.4.1"
    source-map "^0.6.1"
    supports-color "^5.4.0"

prop-types@^15.6.2:
  version "15.6.2"
  resolved "https://registry.yarnpkg.com/prop-types/-/prop-types-15.6.2.tgz#05d5ca77b4453e985d60fc7ff8c859094a497102"
  dependencies:
    loose-envify "^1.3.1"
    object-assign "^4.1.1"

q@^1.1.2:
  version "1.5.1"
  resolved "https://registry.yarnpkg.com/q/-/q-1.5.1.tgz#7e32f75b41381291d04611f1bf14109ac00651d7"

react-dom@^16.5.2:
  version "16.5.2"
  resolved "https://registry.yarnpkg.com/react-dom/-/react-dom-16.5.2.tgz#b69ee47aa20bab5327b2b9d7c1fe2a30f2cfa9d7"
  dependencies:
    loose-envify "^1.1.0"
    object-assign "^4.1.1"
    prop-types "^15.6.2"
    schedule "^0.5.0"

react@^16.0.0:
  version "16.5.2"
  resolved "https://registry.yarnpkg.com/react/-/react-16.5.2.tgz#19f6b444ed139baa45609eee6dc3d318b3895d42"
  dependencies:
    loose-envify "^1.1.0"
    object-assign "^4.1.1"
    prop-types "^15.6.2"
    schedule "^0.5.0"

reduce-css-calc@^2.0.0:
  version "2.1.5"
  resolved "https://registry.yarnpkg.com/reduce-css-calc/-/reduce-css-calc-2.1.5.tgz#f283712f0c9708ef952d328f4b16112d57b03714"
  dependencies:
    css-unit-converter "^1.1.1"
    postcss-value-parser "^3.3.0"

rgb-regex@^1.0.1:
  version "1.0.1"
  resolved "https://registry.yarnpkg.com/rgb-regex/-/rgb-regex-1.0.1.tgz#c0e0d6882df0e23be254a475e8edd41915feaeb1"

rgba-regex@^1.0.0:
  version "1.0.0"
  resolved "https://registry.yarnpkg.com/rgba-regex/-/rgba-regex-1.0.0.tgz#43374e2e2ca0968b0ef1523460b7d730ff22eeb3"

"safer-buffer@>= 2.1.2 < 3":
  version "2.1.2"
  resolved "https://registry.yarnpkg.com/safer-buffer/-/safer-buffer-2.1.2.tgz#44fa161b0187b9549dd84bb91802f9bd8385cd6a"

sax@~1.2.4:
  version "1.2.4"
  resolved "https://registry.yarnpkg.com/sax/-/sax-1.2.4.tgz#2816234e2378bddc4e5354fab5caa895df7100d9"

schedule@^0.5.0:
  version "0.5.0"
  resolved "https://registry.yarnpkg.com/schedule/-/schedule-0.5.0.tgz#c128fffa0b402488b08b55ae74bb9df55cc29cc8"
  dependencies:
    object-assign "^4.1.1"

semver@^5.3.0:
  version "5.5.1"
  resolved "https://registry.yarnpkg.com/semver/-/semver-5.5.1.tgz#7dfdd8814bdb7cabc7be0fb1d734cfb66c940477"

simple-swizzle@^0.2.2:
  version "0.2.2"
  resolved "https://registry.yarnpkg.com/simple-swizzle/-/simple-swizzle-0.2.2.tgz#a4da6b635ffcccca33f70d17cb92592de95e557a"
  dependencies:
    is-arrayish "^0.3.1"

source-map@^0.5.3:
  version "0.5.7"
  resolved "https://registry.yarnpkg.com/source-map/-/source-map-0.5.7.tgz#8a039d2d1021d22d1ea14c80d8ea468ba2ef3fcc"

source-map@^0.6.1:
  version "0.6.1"
  resolved "https://registry.yarnpkg.com/source-map/-/source-map-0.6.1.tgz#74722af32e9614e9c287a8d0bbde48b5e2f1a263"

sprintf-js@~1.0.2:
  version "1.0.3"
  resolved "https://registry.yarnpkg.com/sprintf-js/-/sprintf-js-1.0.3.tgz#04e6926f662895354f3dd015203633b857297e2c"

stable@~0.1.6:
  version "0.1.8"
  resolved "https://registry.yarnpkg.com/stable/-/stable-0.1.8.tgz#836eb3c8382fe2936feaf544631017ce7d47a3cf"

stylehacks@^4.0.0:
  version "4.0.1"
  resolved "https://registry.yarnpkg.com/stylehacks/-/stylehacks-4.0.1.tgz#3186595d047ab0df813d213e51c8b94e0b9010f2"
  dependencies:
    browserslist "^4.0.0"
    postcss "^7.0.0"
    postcss-selector-parser "^3.0.0"

supports-color@^5.3.0, supports-color@^5.4.0:
  version "5.5.0"
  resolved "https://registry.yarnpkg.com/supports-color/-/supports-color-5.5.0.tgz#e2e69a44ac8772f78a1ec0b35b689df6530efc8f"
  dependencies:
    has-flag "^3.0.0"

svgo@^1.0.0:
  version "1.1.1"
  resolved "https://registry.yarnpkg.com/svgo/-/svgo-1.1.1.tgz#12384b03335bcecd85cfa5f4e3375fed671cb985"
  dependencies:
    coa "~2.0.1"
    colors "~1.1.2"
    css-select "^2.0.0"
    css-select-base-adapter "~0.1.0"
    css-tree "1.0.0-alpha.28"
    css-url-regex "^1.1.0"
    csso "^3.5.0"
    js-yaml "^3.12.0"
    mkdirp "~0.5.1"
    object.values "^1.0.4"
    sax "~1.2.4"
    stable "~0.1.6"
    unquote "~1.1.1"
    util.promisify "~1.0.0"

timsort@^0.3.0:
  version "0.3.0"
  resolved "https://registry.yarnpkg.com/timsort/-/timsort-0.3.0.tgz#405411a8e7e6339fe64db9a234de11dc31e02bd4"

uc.micro@^1.0.1, uc.micro@^1.0.5:
  version "1.0.5"
  resolved "https://registry.yarnpkg.com/uc.micro/-/uc.micro-1.0.5.tgz#0c65f15f815aa08b560a61ce8b4db7ffc3f45376"

uniq@^1.0.1:
  version "1.0.1"
  resolved "https://registry.yarnpkg.com/uniq/-/uniq-1.0.1.tgz#b31c5ae8254844a3a8281541ce2b04b865a734ff"

uniqs@^2.0.0:
  version "2.0.0"
  resolved "https://registry.yarnpkg.com/uniqs/-/uniqs-2.0.0.tgz#ffede4b36b25290696e6e165d4a59edb998e6b02"

unquote@~1.1.1:
  version "1.1.1"
  resolved "https://registry.yarnpkg.com/unquote/-/unquote-1.1.1.tgz#8fded7324ec6e88a0ff8b905e7c098cdc086d544"

util.promisify@~1.0.0:
  version "1.0.0"
  resolved "https://registry.yarnpkg.com/util.promisify/-/util.promisify-1.0.0.tgz#440f7165a459c9a16dc145eb8e72f35687097030"
  dependencies:
    define-properties "^1.1.2"
    object.getownpropertydescriptors "^2.0.3"

vendors@^1.0.0:
  version "1.0.2"
  resolved "https://registry.yarnpkg.com/vendors/-/vendors-1.0.2.tgz#7fcb5eef9f5623b156bcea89ec37d63676f21801"

whatwg-fetch@2.0.4:
  version "2.0.4"
  resolved "http://registry.npmjs.org/whatwg-fetch/-/whatwg-fetch-2.0.4.tgz#dde6a5df315f9d39991aa17621853d720b85566f"

whatwg-fetch@>=0.10.0:
  version "3.0.0"
  resolved "https://registry.yarnpkg.com/whatwg-fetch/-/whatwg-fetch-3.0.0.tgz#fc804e458cc460009b1a2b966bc8817d2578aefb"
